
Microsoft Visual Studio Solution File, Format Version 12.00
# Visual Studio Version 16
VisualStudioVersion = 16.0.30310.162
MinimumVisualStudioVersion = 10.0.40219.1
Project("{FAE04EC0-301F-11D3-BF4B-00C04F79EFBC}") = "WebApplication5", "WebApplication5\WebApplication5.csproj", "{33FC7EFF-E162-400E-99E1-BD7EB0363749}"
EndProject
Global
	GlobalSection(SolutionConfigurationPlatforms) = preSolution
		Debug|Any CPU = Debug|Any CPU
		Release|Any CPU = Release|Any CPU
	EndGlobalSection
	GlobalSection(ProjectConfigurationPlatforms) = postSolution
		{33FC7EFF-E162-400E-99E1-BD7EB0363749}.Debug|Any CPU.ActiveCfg = Debug|Any CPU
		{33FC7EFF-E162-400E-99E1-BD7EB0363749}.Debug|Any CPU.Build.0 = Debug|Any CPU
		{33FC7EFF-E162-400E-99E1-BD7EB0363749}.Release|Any CPU.ActiveCfg = Release|Any CPU
		{33FC7EFF-E162-400E-99E1-BD7EB0363749}.Release|Any CPU.Build.0 = Release|Any CPU
	EndGlobalSection
	GlobalSection(SolutionProperties) = preSolution
		HideSolutionNode = FALSE
	EndGlobalSection
	GlobalSection(ExtensibilityGlobals) = postSolution
		SolutionGuid = {D61C6928-EA5A-4F73-8916-4DA73A0C52B3}
	EndGlobalSection
EndGlobal
